
Microsoft Visual Studio Solution File, Format Version 12.00
# Visual Studio Version 16
VisualStudioVersion = 16.0.29215.179
MinimumVisualStudioVersion = 10.0.40219.1
Project("{9A19103F-16F7-4668-BE54-9A1E7A4F7556}") = "BusinessLogic", "BusinessLogic\BusinessLogic.csproj", "{09E32596-EC7C-45CB-BD53-F0FE5E00E978}"
EndProject
Project("{9A19103F-16F7-4668-BE54-9A1E7A4F7556}") = "DataAccess", "DataAccess\DataAccess.csproj", "{7BAA9486-4A61-418E-BCB7-1679948EE138}"
EndProject
Project("{9A19103F-16F7-4668-BE54-9A1E7A4F7556}") = "FactorAnalysis", "FactorAnalysis\FactorAnalysis.csproj", "{70ACC272-9FE5-4339-AB42-AAECA03AA68F}"
EndProject
Project("{9A19103F-16F7-4668-BE54-9A1E7A4F7556}") = "FactorAnalysisML.Model", "FactorAnalysisML.Model\FactorAnalysisML.Model.csproj", "{DD00EEB7-DE07-472A-9C7F-E397C061C650}"
EndProject
Project("{9A19103F-16F7-4668-BE54-9A1E7A4F7556}") = "FactorAnalysisML.ConsoleApp", "FactorAnalysisML.ConsoleApp\FactorAnalysisML.ConsoleApp.csproj", "{B587AEA0-59CD-49EA-A9B3-EF628151E9F1}"
EndProject
Global
	GlobalSection(SolutionConfigurationPlatforms) = preSolution
		Debug|Any CPU = Debug|Any CPU
		Release|Any CPU = Release|Any CPU
	EndGlobalSection
	GlobalSection(ProjectConfigurationPlatforms) = postSolution
		{09E32596-EC7C-45CB-BD53-F0FE5E00E978}.Debug|Any CPU.ActiveCfg = Debug|Any CPU
		{09E32596-EC7C-45CB-BD53-F0FE5E00E978}.Debug|Any CPU.Build.0 = Debug|Any CPU
		{09E32596-EC7C-45CB-BD53-F0FE5E00E978}.Release|Any CPU.ActiveCfg = Release|Any CPU
		{09E32596-EC7C-45CB-BD53-F0FE5E00E978}.Release|Any CPU.Build.0 = Release|Any CPU
		{7BAA9486-4A61-418E-BCB7-1679948EE138}.Debug|Any CPU.ActiveCfg = Debug|Any CPU
		{7BAA9486-4A61-418E-BCB7-1679948EE138}.Debug|Any CPU.Build.0 = Debug|Any CPU
		{7BAA9486-4A61-418E-BCB7-1679948EE138}.Release|Any CPU.ActiveCfg = Release|Any CPU
		{7BAA9486-4A61-418E-BCB7-1679948EE138}.Release|Any CPU.Build.0 = Release|Any CPU
		{70ACC272-9FE5-4339-AB42-AAECA03AA68F}.Debug|Any CPU.ActiveCfg = Debug|Any CPU
		{70ACC272-9FE5-4339-AB42-AAECA03AA68F}.Debug|Any CPU.Build.0 = Debug|Any CPU
		{70ACC272-9FE5-4339-AB42-AAECA03AA68F}.Release|Any CPU.ActiveCfg = Release|Any CPU
		{70ACC272-9FE5-4339-AB42-AAECA03AA68F}.Release|Any CPU.Build.0 = Release|Any CPU
		{DD00EEB7-DE07-472A-9C7F-E397C061C650}.Debug|Any CPU.ActiveCfg = Debug|Any CPU
		{DD00EEB7-DE07-472A-9C7F-E397C061C650}.Debug|Any CPU.Build.0 = Debug|Any CPU
		{DD00EEB7-DE07-472A-9C7F-E397C061C650}.Release|Any CPU.ActiveCfg = Release|Any CPU
		{DD00EEB7-DE07-472A-9C7F-E397C061C650}.Release|Any CPU.Build.0 = Release|Any CPU
		{B587AEA0-59CD-49EA-A9B3-EF628151E9F1}.Debug|Any CPU.ActiveCfg = Debug|Any CPU
		{B587AEA0-59CD-49EA-A9B3-EF628151E9F1}.Debug|Any CPU.Build.0 = Debug|Any CPU
		{B587AEA0-59CD-49EA-A9B3-EF628151E9F1}.Release|Any CPU.ActiveCfg = Release|Any CPU
		{B587AEA0-59CD-49EA-A9B3-EF628151E9F1}.Release|Any CPU.Build.0 = Release|Any CPU
	EndGlobalSection
	GlobalSection(SolutionProperties) = preSolution
		HideSolutionNode = FALSE
	EndGlobalSection
	GlobalSection(ExtensibilityGlobals) = postSolution
		SolutionGuid = {0CD8D2C2-0728-4C8F-8A38-3488D61480E8}
	EndGlobalSection
EndGlobal
